
Microsoft Visual Studio Solution File, Format Version 12.00
# Visual Studio Version 16
VisualStudioVersion = 16.0.31205.134
MinimumVisualStudioVersion = 10.0.40219.1
Project("{9A19103F-16F7-4668-BE54-9A1E7A4F7556}") = "Cloudflare.Net", "Cloudflare.Net\Cloudflare.Net.csproj", "{9FFC3D94-9DD9-4F48-864B-D559499AD953}"
EndProject
Project("{FAE04EC0-301F-11D3-BF4B-00C04F79EFBC}") = "Cloudflare.Net.Test", "Cloudflare.Net.Test\Cloudflare.Net.Test.csproj", "{D4F6DA45-3197-406F-9698-F57A5AADC224}"
EndProject
Global
	GlobalSection(SolutionConfigurationPlatforms) = preSolution
		Debug|Any CPU = Debug|Any CPU
		Release|Any CPU = Release|Any CPU
	EndGlobalSection
	GlobalSection(ProjectConfigurationPlatforms) = postSolution
		{9FFC3D94-9DD9-4F48-864B-D559499AD953}.Debug|Any CPU.ActiveCfg = Debug|Any CPU
		{9FFC3D94-9DD9-4F48-864B-D559499AD953}.Debug|Any CPU.Build.0 = Debug|Any CPU
		{9FFC3D94-9DD9-4F48-864B-D559499AD953}.Release|Any CPU.ActiveCfg = Release|Any CPU
		{9FFC3D94-9DD9-4F48-864B-D559499AD953}.Release|Any CPU.Build.0 = Release|Any CPU
		{D4F6DA45-3197-406F-9698-F57A5AADC224}.Debug|Any CPU.ActiveCfg = Debug|Any CPU
		{D4F6DA45-3197-406F-9698-F57A5AADC224}.Debug|Any CPU.Build.0 = Debug|Any CPU
		{D4F6DA45-3197-406F-9698-F57A5AADC224}.Release|Any CPU.ActiveCfg = Release|Any CPU
		{D4F6DA45-3197-406F-9698-F57A5AADC224}.Release|Any CPU.Build.0 = Release|Any CPU
	EndGlobalSection
	GlobalSection(SolutionProperties) = preSolution
		HideSolutionNode = FALSE
	EndGlobalSection
	GlobalSection(ExtensibilityGlobals) = postSolution
		SolutionGuid = {265E4D20-AFB7-4CD2-8C99-8074AF9FF5D0}
	EndGlobalSection
EndGlobal
